
Microsoft Visual Studio Solution File, Format Version 12.00
# Visual Studio Version 16
VisualStudioVersion = 16.0.29519.181
MinimumVisualStudioVersion = 10.0.40219.1
Project("{FAE04EC0-301F-11D3-BF4B-00C04F79EFBC}") = "ClassLibrary", "ClassLibrary\ClassLibrary.csproj", "{10517506-CFAF-4138-BEEA-7E3ACF63FF67}"
EndProject
Global
	GlobalSection(SolutionConfigurationPlatforms) = preSolution
		Debug|Any CPU = Debug|Any CPU
		Release|Any CPU = Release|Any CPU
	EndGlobalSection
	GlobalSection(ProjectConfigurationPlatforms) = postSolution
		{10517506-CFAF-4138-BEEA-7E3ACF63FF67}.Debug|Any CPU.ActiveCfg = Debug|Any CPU
		{10517506-CFAF-4138-BEEA-7E3ACF63FF67}.Debug|Any CPU.Build.0 = Debug|Any CPU
		{10517506-CFAF-4138-BEEA-7E3ACF63FF67}.Release|Any CPU.ActiveCfg = Release|Any CPU
		{10517506-CFAF-4138-BEEA-7E3ACF63FF67}.Release|Any CPU.Build.0 = Release|Any CPU
	EndGlobalSection
	GlobalSection(SolutionProperties) = preSolution
		HideSolutionNode = FALSE
	EndGlobalSection
	GlobalSection(ExtensibilityGlobals) = postSolution
		SolutionGuid = {FAC7020C-885E-4E5B-8460-95EEF1DBE32D}
	EndGlobalSection
EndGlobal
